// !$*UTF8*$!
{
	archiveVersion = 1;
	classes = {
	};
	objectVersion = 48;
	objects = {

/* Begin PBXBuildFile section */
		A74B7F051F9BEDD10077597E /* AppDelegate.swift in Sources */ = {isa = PBXBuildFile; fileRef = A74B7F041F9BEDD10077597E /* AppDelegate.swift */; };
		A74B7F071F9BEDD10077597E /* SearchViewController.swift in Sources */ = {isa = PBXBuildFile; fileRef = A74B7F061F9BEDD10077597E /* SearchViewController.swift */; };
		A74B7F0A1F9BEDD10077597E /* Main.storyboard in Resources */ = {isa = PBXBuildFile; fileRef = A74B7F081F9BEDD10077597E /* Main.storyboard */; };
		A74B7F0C1F9BEDD10077597E /* Assets.xcassets in Resources */ = {isa = PBXBuildFile; fileRef = A74B7F0B1F9BEDD10077597E /* Assets.xcassets */; };
		A74B7F0F1F9BEDD10077597E /* LaunchScreen.storyboard in Resources */ = {isa = PBXBuildFile; fileRef = A74B7F0D1F9BEDD10077597E /* LaunchScreen.storyboard */; };
		A74B7F1B1F9C06CD0077597E /* SearchResult.swift in Sources */ = {isa = PBXBuildFile; fileRef = A74B7F1A1F9C06CD0077597E /* SearchResult.swift */; };
		A74B7F1D1F9D10450077597E /* SearchResultCell.xib in Resources */ = {isa = PBXBuildFile; fileRef = A74B7F1C1F9D10450077597E /* SearchResultCell.xib */; };
		A74B7F1F1F9D14A80077597E /* SearchResultCell.swift in Sources */ = {isa = PBXBuildFile; fileRef = A74B7F1E1F9D14A80077597E /* SearchResultCell.swift */; };
		A74B7F211F9D19A40077597E /* NothingFoundCell.xib in Resources */ = {isa = PBXBuildFile; fileRef = A74B7F201F9D19A40077597E /* NothingFoundCell.xib */; };
		A74B7F231FA0708D0077597E /* LoadingCell.xib in Resources */ = {isa = PBXBuildFile; fileRef = A74B7F221FA0708D0077597E /* LoadingCell.xib */; };
		A7A4D6331FA807F4009FAC56 /* UIImageView+DownloadImage.swift in Sources */ = {isa = PBXBuildFile; fileRef = A7A4D6321FA807F4009FAC56 /* UIImageView+DownloadImage.swift */; };
/* End PBXBuildFile section */

/* Begin PBXFileReference section */
		A74B7F011F9BEDD10077597E /* SearchStore.app */ = {isa = PBXFileReference; explicitFileType = wrapper.application; includeInIndex = 0; path = SearchStore.app; sourceTree = BUILT_PRODUCTS_DIR; };
		A74B7F041F9BEDD10077597E /* AppDelegate.swift */ = {isa = PBXFileReference; lastKnownFileType = sourcecode.swift; path = AppDelegate.swift; sourceTree = "<group>"; };
		A74B7F061F9BEDD10077597E /* SearchViewController.swift */ = {isa = PBXFileReference; lastKnownFileType = sourcecode.swift; path = SearchViewController.swift; sourceTree = "<group>"; };
		A74B7F091F9BEDD10077597E /* Base */ = {isa = PBXFileReference; lastKnownFileType = file.storyboard; name = Base; path = Base.lproj/Main.storyboard; sourceTree = "<group>"; };
		A74B7F0B1F9BEDD10077597E /* Assets.xcassets */ = {isa = PBXFileReference; lastKnownFileType = folder.assetcatalog; path = Assets.xcassets; sourceTree = "<group>"; };
		A74B7F0E1F9BEDD10077597E /* Base */ = {isa = PBXFileReference; lastKnownFileType = file.storyboard; name = Base; path = Base.lproj/LaunchScreen.storyboard; sourceTree = "<group>"; };
		A74B7F101F9BEDD10077597E /* Info.plist */ = {isa = PBXFileReference; lastKnownFileType = text.plist.xml; path = Info.plist; sourceTree = "<group>"; };
		A74B7F1A1F9C06CD0077597E /* SearchResult.swift */ = {isa = PBXFileReference; lastKnownFileType = sourcecode.swift; path = SearchResult.swift; sourceTree = "<group>"; };
		A74B7F1C1F9D10450077597E /* SearchResultCell.xib */ = {isa = PBXFileReference; lastKnownFileType = file.xib; path = SearchResultCell.xib; sourceTree = "<group>"; };
		A74B7F1E1F9D14A80077597E /* SearchResultCell.swift */ = {isa = PBXFileReference; lastKnownFileType = sourcecode.swift; path = SearchResultCell.swift; sourceTree = "<group>"; };
		A74B7F201F9D19A40077597E /* NothingFoundCell.xib */ = {isa = PBXFileReference; lastKnownFileType = file.xib; path = NothingFoundCell.xib; sourceTree = "<group>"; };
		A74B7F221FA0708D0077597E /* LoadingCell.xib */ = {isa = PBXFileReference; lastKnownFileType = file.xib; path = LoadingCell.xib; sourceTree = "<group>"; };
		A7A4D6321FA807F4009FAC56 /* UIImageView+DownloadImage.swift */ = {isa = PBXFileReference; lastKnownFileType = sourcecode.swift; path = "UIImageView+DownloadImage.swift"; sourceTree = "<group>"; };
/* End PBXFileReference section */

/* Begin PBXFrameworksBuildPhase section */
		A74B7EFE1F9BEDD10077597E /* Frameworks */ = {
			isa = PBXFrameworksBuildPhase;
			buildActionMask = 2147483647;
			files = (
			);
			runOnlyForDeploymentPostprocessing = 0;
		};
/* End PBXFrameworksBuildPhase section */

/* Begin PBXGroup section */
		A74B7EF81F9BEDD10077597E = {
			isa = PBXGroup;
			children = (
				A74B7F031F9BEDD10077597E /* SearchStore */,
				A74B7F021F9BEDD10077597E /* Products */,
			);
			sourceTree = "<group>";
		};
		A74B7F021F9BEDD10077597E /* Products */ = {
			isa = PBXGroup;
			children = (
				A74B7F011F9BEDD10077597E /* SearchStore.app */,
			);
			name = Products;
			sourceTree = "<group>";
		};
		A74B7F031F9BEDD10077597E /* SearchStore */ = {
			isa = PBXGroup;
			children = (
				A74B7F181F9BEDF70077597E /* View */,
				A74B7F171F9BEDEE0077597E /* Controller */,
				A74B7F161F9BEDDF0077597E /* Model */,
				A74B7F191F9BEE0A0077597E /* Support */,
				A74B7F101F9BEDD10077597E /* Info.plist */,
			);
			path = SearchStore;
			sourceTree = "<group>";
		};
		A74B7F161F9BEDDF0077597E /* Model */ = {
			isa = PBXGroup;
			children = (
				A74B7F1A1F9C06CD0077597E /* SearchResult.swift */,
			);
			path = Model;
			sourceTree = "<group>";
		};
		A74B7F171F9BEDEE0077597E /* Controller */ = {
			isa = PBXGroup;
			children = (
				A74B7F061F9BEDD10077597E /* SearchViewController.swift */,
			);
			path = Controller;
			sourceTree = "<group>";
		};
		A74B7F181F9BEDF70077597E /* View */ = {
			isa = PBXGroup;
			children = (
				A74B7F1C1F9D10450077597E /* SearchResultCell.xib */,
				A74B7F1E1F9D14A80077597E /* SearchResultCell.swift */,
				A74B7F201F9D19A40077597E /* NothingFoundCell.xib */,
				A74B7F221FA0708D0077597E /* LoadingCell.xib */,
				A7A4D6321FA807F4009FAC56 /* UIImageView+DownloadImage.swift */,
			);
			path = View;
			sourceTree = "<group>";
		};
		A74B7F191F9BEE0A0077597E /* Support */ = {
			isa = PBXGroup;
			children = (
				A74B7F041F9BEDD10077597E /* AppDelegate.swift */,
				A74B7F081F9BEDD10077597E /* Main.storyboard */,
				A74B7F0B1F9BEDD10077597E /* Assets.xcassets */,
				A74B7F0D1F9BEDD10077597E /* LaunchScreen.storyboard */,
			);
			path = Support;
			sourceTree = "<group>";
		};
/* End PBXGroup section */

/* Begin PBXNativeTarget section */
		A74B7F001F9BEDD10077597E /* SearchStore */ = {
			isa = PBXNativeTarget;
			buildConfigurationList = A74B7F131F9BEDD10077597E /* Build configuration list for PBXNativeTarget "SearchStore" */;
			buildPhases = (
				A74B7EFD1F9BEDD10077597E /* Sources */,
				A74B7EFE1F9BEDD10077597E /* Frameworks */,
				A74B7EFF1F9BEDD10077597E /* Resources */,
			);
			buildRules = (
			);
			dependencies = (
			);
			name = SearchStore;
			productName = SearchStore;
			productReference = A74B7F011F9BEDD10077597E /* SearchStore.app */;
			productType = "com.apple.product-type.application";
		};
/* End PBXNativeTarget section */

/* Begin PBXProject section */
		A74B7EF91F9BEDD10077597E /* Project object */ = {
			isa = PBXProject;
			attributes = {
				LastSwiftUpdateCheck = 0900;
				LastUpgradeCheck = 0900;
				ORGANIZATIONNAME = "Curtis Wiseman";
				TargetAttributes = {
					A74B7F001F9BEDD10077597E = {
						CreatedOnToolsVersion = 9.0.1;
						ProvisioningStyle = Automatic;
					};
				};
			};
			buildConfigurationList = A74B7EFC1F9BEDD10077597E /* Build configuration list for PBXProject "SearchStore" */;
			compatibilityVersion = "Xcode 8.0";
			developmentRegion = en;
			hasScannedForEncodings = 0;
			knownRegions = (
				en,
				Base,
			);
			mainGroup = A74B7EF81F9BEDD10077597E;
			productRefGroup = A74B7F021F9BEDD10077597E /* Products */;
			projectDirPath = "";
			projectRoot = "";
			targets = (
				A74B7F001F9BEDD10077597E /* SearchStore */,
			);
		};
/* End PBXProject section */

/* Begin PBXResourcesBuildPhase section */
		A74B7EFF1F9BEDD10077597E /* Resources */ = {
			isa = PBXResourcesBuildPhase;
			buildActionMask = 2147483647;
			files = (
				A74B7F0F1F9BEDD10077597E /* LaunchScreen.storyboard in Resources */,
				A74B7F1D1F9D10450077597E /* SearchResultCell.xib in Resources */,
				A74B7F231FA0708D0077597E /* LoadingCell.xib in Resources */,
				A74B7F0C1F9BEDD10077597E /* Assets.xcassets in Resources */,
				A74B7F211F9D19A40077597E /* NothingFoundCell.xib in Resources */,
				A74B7F0A1F9BEDD10077597E /* Main.storyboard in Resources */,
			);
			runOnlyForDeploymentPostprocessing = 0;
		};
/* End PBXResourcesBuildPhase section */

/* Begin PBXSourcesBuildPhase section */
		A74B7EFD1F9BEDD10077597E /* Sources */ = {
			isa = PBXSourcesBuildPhase;
			buildActionMask = 2147483647;
			files = (
				A74B7F071F9BEDD10077597E /* SearchViewController.swift in Sources */,
				A74B7F1B1F9C06CD0077597E /* SearchResult.swift in Sources */,
				A74B7F1F1F9D14A80077597E /* SearchResultCell.swift in Sources */,
				A74B7F051F9BEDD10077597E /* AppDelegate.swift in Sources */,
				A7A4D6331FA807F4009FAC56 /* UIImageView+DownloadImage.swift in Sources */,
			);
			runOnlyForDeploymentPostprocessing = 0;
		};
/* End PBXSourcesBuildPhase section */

/* Begin PBXVariantGroup section */
		A74B7F081F9BEDD10077597E /* Main.storyboard */ = {
			isa = PBXVariantGroup;
			children = (
				A74B7F091F9BEDD10077597E /* Base */,
			);
			name = Main.storyboard;
			sourceTree = "<group>";
		};
		A74B7F0D1F9BEDD10077597E /* LaunchScreen.storyboard */ = {
			isa = PBXVariantGroup;
			children = (
				A74B7F0E1F9BEDD10077597E /* Base */,
			);
			name = LaunchScreen.storyboard;
			sourceTree = "<group>";
		};
/* End PBXVariantGroup section */

/* Begin XCBuildConfiguration section */
		A74B7F111F9BEDD10077597E /* Debug */ = {
			isa = XCBuildConfiguration;
			buildSettings = {
				ALWAYS_SEARCH_USER_PATHS = NO;
				CLANG_ANALYZER_NONNULL = YES;
				CLANG_ANALYZER_NUMBER_OBJECT_CONVERSION = YES_AGGRESSIVE;
				CLANG_CXX_LANGUAGE_STANDARD = "gnu++14";
				CLANG_CXX_LIBRARY = "libc++";
				CLANG_ENABLE_MODULES = YES;
				CLANG_ENABLE_OBJC_ARC = YES;
				CLANG_WARN_BLOCK_CAPTURE_AUTORELEASING = YES;
				CLANG_WARN_BOOL_CONVERSION = YES;
				CLANG_WARN_COMMA = YES;
				CLANG_WARN_CONSTANT_CONVERSION = YES;
				CLANG_WARN_DIRECT_OBJC_ISA_USAGE = YES_ERROR;
				CLANG_WARN_DOCUMENTATION_COMMENTS = YES;
				CLANG_WARN_EMPTY_BODY = YES;
				CLANG_WARN_ENUM_CONVERSION = YES;
				CLANG_WARN_INFINITE_RECURSION = YES;
				CLANG_WARN_INT_CONVERSION = YES;
				CLANG_WARN_NON_LITERAL_NULL_CONVERSION = YES;
				CLANG_WARN_OBJC_LITERAL_CONVERSION = YES;
				CLANG_WARN_OBJC_ROOT_CLASS = YES_ERROR;
				CLANG_WARN_RANGE_LOOP_ANALYSIS = YES;
				CLANG_WARN_STRICT_PROTOTYPES = YES;
				CLANG_WARN_SUSPICIOUS_MOVE = YES;
				CLANG_WARN_UNGUARDED_AVAILABILITY = YES_AGGRESSIVE;
				CLANG_WARN_UNREACHABLE_CODE = YES;
				CLANG_WARN__DUPLICATE_METHOD_MATCH = YES;
				CODE_SIGN_IDENTITY = "iPhone Developer";
				COPY_PHASE_STRIP = NO;
				DEBUG_INFORMATION_FORMAT = dwarf;
				ENABLE_STRICT_OBJC_MSGSEND = YES;
				ENABLE_TESTABILITY = YES;
				GCC_C_LANGUAGE_STANDARD = gnu11;
				GCC_DYNAMIC_NO_PIC = NO;
				GCC_NO_COMMON_BLOCKS = YES;
				GCC_OPTIMIZATION_LEVEL = 0;
				GCC_PREPROCESSOR_DEFINITIONS = (
					"DEBUG=1",
					"$(inherited)",
				);
				GCC_WARN_64_TO_32_BIT_CONVERSION = YES;
				GCC_WARN_ABOUT_RETURN_TYPE = YES_ERROR;
				GCC_WARN_UNDECLARED_SELECTOR = YES;
				GCC_WARN_UNINITIALIZED_AUTOS = YES_AGGRESSIVE;
				GCC_WARN_UNUSED_FUNCTION = YES;
				GCC_WARN_UNUSED_VARIABLE = YES;
				IPHONEOS_DEPLOYMENT_TARGET = 11.0;
				MTL_ENABLE_DEBUG_INFO = YES;
				ONLY_ACTIVE_ARCH = YES;
				SDKROOT = iphoneos;
				SWIFT_ACTIVE_COMPILATION_CONDITIONS = DEBUG;
				SWIFT_OPTIMIZATION_LEVEL = "-Onone";
			};
			name = Debug;
		};
		A74B7F121F9BEDD10077597E /* Release */ = {
			isa = XCBuildConfiguration;
			buildSettings = {
				ALWAYS_SEARCH_USER_PATHS = NO;
				CLANG_ANALYZER_NONNULL = YES;
				CLANG_ANALYZER_NUMBER_OBJECT_CONVERSION = YES_AGGRESSIVE;
				CLANG_CXX_LANGUAGE_STANDARD = "gnu++14";
				CLANG_CXX_LIBRARY = "libc++";
				CLANG_ENABLE_MODULES = YES;
				CLANG_ENABLE_OBJC_ARC = YES;
				CLANG_WARN_BLOCK_CAPTURE_AUTORELEASING = YES;
				CLANG_WARN_BOOL_CONVERSION = YES;
				CLANG_WARN_COMMA = YES;
				CLANG_WARN_CONSTANT_CONVERSION = YES;
				CLANG_WARN_DIRECT_OBJC_ISA_USAGE = YES_ERROR;
				CLANG_WARN_DOCUMENTATION_COMMENTS = YES;
				CLANG_WARN_EMPTY_BODY = YES;
				CLANG_WARN_ENUM_CONVERSION = YES;
				CLANG_WARN_INFINITE_RECURSION = YES;
				CLANG_WARN_INT_CONVERSION = YES;
				CLANG_WARN_NON_LITERAL_NULL_CONVERSION = YES;
				CLANG_WARN_OBJC_LITERAL_CONVERSION = YES;
				CLANG_WARN_OBJC_ROOT_CLASS = YES_ERROR;
				CLANG_WARN_RANGE_LOOP_ANALYSIS = YES;
				CLANG_WARN_STRICT_PROTOTYPES = YES;
				CLANG_WARN_SUSPICIOUS_MOVE = YES;
				CLANG_WARN_UNGUARDED_AVAILABILITY = YES_AGGRESSIVE;
				CLANG_WARN_UNREACHABLE_CODE = YES;
				CLANG_WARN__DUPLICATE_METHOD_MATCH = YES;
				CODE_SIGN_IDENTITY = "iPhone Developer";
				COPY_PHASE_STRIP = NO;
				DEBUG_INFORMATION_FORMAT = "dwarf-with-dsym";
				ENABLE_NS_ASSERTIONS = NO;
				ENABLE_STRICT_OBJC_MSGSEND = YES;
				GCC_C_LANGUAGE_STANDARD = gnu11;
				GCC_NO_COMMON_BLOCKS = YES;
				GCC_WARN_64_TO_32_BIT_CONVERSION = YES;
				GCC_WARN_ABOUT_RETURN_TYPE = YES_ERROR;
				GCC_WARN_UNDECLARED_SELECTOR = YES;
				GCC_WARN_UNINITIALIZED_AUTOS = YES_AGGRESSIVE;
				GCC_WARN_UNUSED_FUNCTION = YES;
				GCC_WARN_UNUSED_VARIABLE = YES;
				IPHONEOS_DEPLOYMENT_TARGET = 11.0;
				MTL_ENABLE_DEBUG_INFO = NO;
				SDKROOT = iphoneos;
				SWIFT_OPTIMIZATION_LEVEL = "-Owholemodule";
				VALIDATE_PRODUCT = YES;
			};
			name = Release;
		};
		A74B7F141F9BEDD10077597E /* Debug */ = {
			isa = XCBuildConfiguration;
			buildSettings = {
				ASSETCATALOG_COMPILER_APPICON_NAME = AppIcon;
				CODE_SIGN_STYLE = Automatic;
				DEVELOPMENT_TEAM = 2MB2J2749Q;
				INFOPLIST_FILE = SearchStore/Info.plist;
				LD_RUNPATH_SEARCH_PATHS = "$(inherited) @executable_path/Frameworks";
				PRODUCT_BUNDLE_IDENTIFIER = com.curtiswiseman.SearchStore;
				PRODUCT_NAME = "$(TARGET_NAME)";
				SWIFT_VERSION = 4.0;
				TARGETED_DEVICE_FAMILY = "1,2";
			};
			name = Debug;
		};
		A74B7F151F9BEDD10077597E /* Release */ = {
			isa = XCBuildConfiguration;
			buildSettings = {
				ASSETCATALOG_COMPILER_APPICON_NAME = AppIcon;
				CODE_SIGN_STYLE = Automatic;
				DEVELOPMENT_TEAM = 2MB2J2749Q;
				INFOPLIST_FILE = SearchStore/Info.plist;
				LD_RUNPATH_SEARCH_PATHS = "$(inherited) @executable_path/Frameworks";
				PRODUCT_BUNDLE_IDENTIFIER = com.curtiswiseman.SearchStore;
				PRODUCT_NAME = "$(TARGET_NAME)";
				SWIFT_VERSION = 4.0;
				TARGETED_DEVICE_FAMILY = "1,2";
			};
			name = Release;
		};
/* End XCBuildConfiguration section */

/* Begin XCConfigurationList section */
		A74B7EFC1F9BEDD10077597E /* Build configuration list for PBXProject "SearchStore" */ = {
			isa = XCConfigurationList;
			buildConfigurations = (
				A74B7F111F9BEDD10077597E /* Debug */,
				A74B7F121F9BEDD10077597E /* Release */,
			);
			defaultConfigurationIsVisible = 0;
			defaultConfigurationName = Release;
		};
		A74B7F131F9BEDD10077597E /* Build configuration list for PBXNativeTarget "SearchStore" */ = {
			isa = XCConfigurationList;
			buildConfigurations = (
				A74B7F141F9BEDD10077597E /* Debug */,
				A74B7F151F9BEDD10077597E /* Release */,
			);
			defaultConfigurationIsVisible = 0;
			defaultConfigurationName = Release;
		};
/* End XCConfigurationList section */
	};
	rootObject = A74B7EF91F9BEDD10077597E /* Project object */;
}
